
Microsoft Visual Studio Solution File, Format Version 12.00
# Visual Studio 15
VisualStudioVersion = 15.0.27004.2009
MinimumVisualStudioVersion = 10.0.40219.1
Project("{9A19103F-16F7-4668-BE54-9A1E7A4F7556}") = "WebStore", "WebStore\WebStore.csproj", "{0F74DD97-1816-4570-AD08-DB541703CB0D}"
EndProject
Project("{9A19103F-16F7-4668-BE54-9A1E7A4F7556}") = "WebStore.Domain", "WebStore.Domain\WebStore.Domain.csproj", "{E3EB8F51-7B80-4FE7-ADCF-1D35D80C74FD}"
EndProject
Project("{9A19103F-16F7-4668-BE54-9A1E7A4F7556}") = "WebStore.DAL", "WebStore.DAL\WebStore.DAL.csproj", "{8FD455B2-8AF7-48A8-A2A8-48A72561EC95}"
EndProject
Project("{2150E333-8FDC-42A3-9474-1A3956D46DE8}") = "Common", "Common", "{887BA847-8447-4A73-8D84-74C165F7A2CD}"
EndProject
Project("{2150E333-8FDC-42A3-9474-1A3956D46DE8}") = "Services", "Services", "{A1D20EA0-DB4D-4F98-B1E6-DD4DF0B12610}"
EndProject
Project("{9A19103F-16F7-4668-BE54-9A1E7A4F7556}") = "WebStore.ServicesHosting", "WebStore.ServicesHosting\WebStore.ServicesHosting.csproj", "{2C2F648F-B618-4C99-A374-B6D59DEBD283}"
EndProject
Project("{9A19103F-16F7-4668-BE54-9A1E7A4F7556}") = "WebStore.Interfaces", "WebStore.Interfaces\WebStore.Interfaces.csproj", "{805432B3-8599-462E-B49C-670779FC4021}"
EndProject
Project("{9A19103F-16F7-4668-BE54-9A1E7A4F7556}") = "WebStore.Services", "WebStore.Services\WebStore.Services.csproj", "{C0BB9763-2153-40CC-8CF6-C7BC59E24CA1}"
EndProject
Project("{2150E333-8FDC-42A3-9474-1A3956D46DE8}") = "Clients", "Clients", "{244CCE8D-8D8A-46B0-A5C9-1676445DA244}"
EndProject
Project("{9A19103F-16F7-4668-BE54-9A1E7A4F7556}") = "WebStore.Clients", "WebStore.Clients\WebStore.Clients.csproj", "{2CE742E7-8014-44E0-9CA4-AF3212EB474F}"
EndProject
Project("{9A19103F-16F7-4668-BE54-9A1E7A4F7556}") = "WebStore.Logger", "WebStore.Logger\WebStore.Logger.csproj", "{54048D98-CEFE-4889-BDE4-52D8E4794301}"
EndProject
Project("{2150E333-8FDC-42A3-9474-1A3956D46DE8}") = "Tests", "Tests", "{79EF209B-2728-4E0E-BD98-5477086416F9}"
EndProject
Project("{FAE04EC0-301F-11D3-BF4B-00C04F79EFBC}") = "WebStore.Tests", "WebStore.Tests\WebStore.Tests.csproj", "{8FF4C2AA-AC93-4882-A4BC-296AB363CF03}"
EndProject
Global
	GlobalSection(SolutionConfigurationPlatforms) = preSolution
		Debug|Any CPU = Debug|Any CPU
		Release|Any CPU = Release|Any CPU
	EndGlobalSection
	GlobalSection(ProjectConfigurationPlatforms) = postSolution
		{0F74DD97-1816-4570-AD08-DB541703CB0D}.Debug|Any CPU.ActiveCfg = Debug|Any CPU
		{0F74DD97-1816-4570-AD08-DB541703CB0D}.Debug|Any CPU.Build.0 = Debug|Any CPU
		{0F74DD97-1816-4570-AD08-DB541703CB0D}.Release|Any CPU.ActiveCfg = Release|Any CPU
		{0F74DD97-1816-4570-AD08-DB541703CB0D}.Release|Any CPU.Build.0 = Release|Any CPU
		{E3EB8F51-7B80-4FE7-ADCF-1D35D80C74FD}.Debug|Any CPU.ActiveCfg = Debug|Any CPU
		{E3EB8F51-7B80-4FE7-ADCF-1D35D80C74FD}.Debug|Any CPU.Build.0 = Debug|Any CPU
		{E3EB8F51-7B80-4FE7-ADCF-1D35D80C74FD}.Release|Any CPU.ActiveCfg = Release|Any CPU
		{E3EB8F51-7B80-4FE7-ADCF-1D35D80C74FD}.Release|Any CPU.Build.0 = Release|Any CPU
		{8FD455B2-8AF7-48A8-A2A8-48A72561EC95}.Debug|Any CPU.ActiveCfg = Debug|Any CPU
		{8FD455B2-8AF7-48A8-A2A8-48A72561EC95}.Debug|Any CPU.Build.0 = Debug|Any CPU
		{8FD455B2-8AF7-48A8-A2A8-48A72561EC95}.Release|Any CPU.ActiveCfg = Release|Any CPU
		{8FD455B2-8AF7-48A8-A2A8-48A72561EC95}.Release|Any CPU.Build.0 = Release|Any CPU
		{2C2F648F-B618-4C99-A374-B6D59DEBD283}.Debug|Any CPU.ActiveCfg = Debug|Any CPU
		{2C2F648F-B618-4C99-A374-B6D59DEBD283}.Debug|Any CPU.Build.0 = Debug|Any CPU
		{2C2F648F-B618-4C99-A374-B6D59DEBD283}.Release|Any CPU.ActiveCfg = Release|Any CPU
		{2C2F648F-B618-4C99-A374-B6D59DEBD283}.Release|Any CPU.Build.0 = Release|Any CPU
		{805432B3-8599-462E-B49C-670779FC4021}.Debug|Any CPU.ActiveCfg = Debug|Any CPU
		{805432B3-8599-462E-B49C-670779FC4021}.Debug|Any CPU.Build.0 = Debug|Any CPU
		{805432B3-8599-462E-B49C-670779FC4021}.Release|Any CPU.ActiveCfg = Release|Any CPU
		{805432B3-8599-462E-B49C-670779FC4021}.Release|Any CPU.Build.0 = Release|Any CPU
		{C0BB9763-2153-40CC-8CF6-C7BC59E24CA1}.Debug|Any CPU.ActiveCfg = Debug|Any CPU
		{C0BB9763-2153-40CC-8CF6-C7BC59E24CA1}.Debug|Any CPU.Build.0 = Debug|Any CPU
		{C0BB9763-2153-40CC-8CF6-C7BC59E24CA1}.Release|Any CPU.ActiveCfg = Release|Any CPU
		{C0BB9763-2153-40CC-8CF6-C7BC59E24CA1}.Release|Any CPU.Build.0 = Release|Any CPU
		{2CE742E7-8014-44E0-9CA4-AF3212EB474F}.Debug|Any CPU.ActiveCfg = Debug|Any CPU
		{2CE742E7-8014-44E0-9CA4-AF3212EB474F}.Debug|Any CPU.Build.0 = Debug|Any CPU
		{2CE742E7-8014-44E0-9CA4-AF3212EB474F}.Release|Any CPU.ActiveCfg = Release|Any CPU
		{2CE742E7-8014-44E0-9CA4-AF3212EB474F}.Release|Any CPU.Build.0 = Release|Any CPU
		{54048D98-CEFE-4889-BDE4-52D8E4794301}.Debug|Any CPU.ActiveCfg = Debug|Any CPU
		{54048D98-CEFE-4889-BDE4-52D8E4794301}.Debug|Any CPU.Build.0 = Debug|Any CPU
		{54048D98-CEFE-4889-BDE4-52D8E4794301}.Release|Any CPU.ActiveCfg = Release|Any CPU
		{54048D98-CEFE-4889-BDE4-52D8E4794301}.Release|Any CPU.Build.0 = Release|Any CPU
		{8FF4C2AA-AC93-4882-A4BC-296AB363CF03}.Debug|Any CPU.ActiveCfg = Debug|Any CPU
		{8FF4C2AA-AC93-4882-A4BC-296AB363CF03}.Debug|Any CPU.Build.0 = Debug|Any CPU
		{8FF4C2AA-AC93-4882-A4BC-296AB363CF03}.Release|Any CPU.ActiveCfg = Release|Any CPU
		{8FF4C2AA-AC93-4882-A4BC-296AB363CF03}.Release|Any CPU.Build.0 = Release|Any CPU
	EndGlobalSection
	GlobalSection(SolutionProperties) = preSolution
		HideSolutionNode = FALSE
	EndGlobalSection
	GlobalSection(NestedProjects) = preSolution
		{E3EB8F51-7B80-4FE7-ADCF-1D35D80C74FD} = {887BA847-8447-4A73-8D84-74C165F7A2CD}
		{8FD455B2-8AF7-48A8-A2A8-48A72561EC95} = {A1D20EA0-DB4D-4F98-B1E6-DD4DF0B12610}
		{2C2F648F-B618-4C99-A374-B6D59DEBD283} = {A1D20EA0-DB4D-4F98-B1E6-DD4DF0B12610}
		{805432B3-8599-462E-B49C-670779FC4021} = {887BA847-8447-4A73-8D84-74C165F7A2CD}
		{C0BB9763-2153-40CC-8CF6-C7BC59E24CA1} = {A1D20EA0-DB4D-4F98-B1E6-DD4DF0B12610}
		{2CE742E7-8014-44E0-9CA4-AF3212EB474F} = {244CCE8D-8D8A-46B0-A5C9-1676445DA244}
		{54048D98-CEFE-4889-BDE4-52D8E4794301} = {887BA847-8447-4A73-8D84-74C165F7A2CD}
		{8FF4C2AA-AC93-4882-A4BC-296AB363CF03} = {79EF209B-2728-4E0E-BD98-5477086416F9}
	EndGlobalSection
	GlobalSection(ExtensibilityGlobals) = postSolution
		SolutionGuid = {E67B71AA-9347-4924-A79B-4690BF6C697F}
	EndGlobalSection
EndGlobal
